
Microsoft Visual Studio Solution File, Format Version 12.00
# Visual Studio Version 17
VisualStudioVersion = 17.13.35818.85 d17.13
MinimumVisualStudioVersion = 10.0.40219.1
Project("{FAE04EC0-301F-11D3-BF4B-00C04F79EFBC}") = "RazorpayAppApi", "RazorpayAppApi\RazorpayAppApi.csproj", "{AAA58FB5-F632-4FD7-9C1B-CDAC1B75646D}"
EndProject
Global
	GlobalSection(SolutionConfigurationPlatforms) = preSolution
		Debug|Any CPU = Debug|Any CPU
		Release|Any CPU = Release|Any CPU
	EndGlobalSection
	GlobalSection(ProjectConfigurationPlatforms) = postSolution
		{AAA58FB5-F632-4FD7-9C1B-CDAC1B75646D}.Debug|Any CPU.ActiveCfg = Debug|Any CPU
		{AAA58FB5-F632-4FD7-9C1B-CDAC1B75646D}.Debug|Any CPU.Build.0 = Debug|Any CPU
		{AAA58FB5-F632-4FD7-9C1B-CDAC1B75646D}.Release|Any CPU.ActiveCfg = Release|Any CPU
		{AAA58FB5-F632-4FD7-9C1B-CDAC1B75646D}.Release|Any CPU.Build.0 = Release|Any CPU
	EndGlobalSection
	GlobalSection(SolutionProperties) = preSolution
		HideSolutionNode = FALSE
	EndGlobalSection
	GlobalSection(ExtensibilityGlobals) = postSolution
		SolutionGuid = {0513B26B-D6C0-4C87-949A-473291A5EC4D}
	EndGlobalSection
EndGlobal
